
Microsoft Visual Studio Solution File, Format Version 12.00
# Visual Studio Version 17
VisualStudioVersion = 17.6.33815.320
MinimumVisualStudioVersion = 10.0.40219.1
Project("{9A19103F-16F7-4668-BE54-9A1E7A4F7556}") = "VisualizadorDeUsuarios", "VisualizadorDeUsuarios\VisualizadorDeUsuarios.csproj", "{4D23AC78-EE2F-43AC-8974-DA55A8B8339D}"
EndProject
Global
	GlobalSection(SolutionConfigurationPlatforms) = preSolution
		Debug|Any CPU = Debug|Any CPU
		Release|Any CPU = Release|Any CPU
	EndGlobalSection
	GlobalSection(ProjectConfigurationPlatforms) = postSolution
		{4D23AC78-EE2F-43AC-8974-DA55A8B8339D}.Debug|Any CPU.ActiveCfg = Debug|Any CPU
		{4D23AC78-EE2F-43AC-8974-DA55A8B8339D}.Debug|Any CPU.Build.0 = Debug|Any CPU
		{4D23AC78-EE2F-43AC-8974-DA55A8B8339D}.Release|Any CPU.ActiveCfg = Release|Any CPU
		{4D23AC78-EE2F-43AC-8974-DA55A8B8339D}.Release|Any CPU.Build.0 = Release|Any CPU
	EndGlobalSection
	GlobalSection(SolutionProperties) = preSolution
		HideSolutionNode = FALSE
	EndGlobalSection
	GlobalSection(ExtensibilityGlobals) = postSolution
		SolutionGuid = {656B728F-1023-4FE5-BA7F-413E7F317830}
	EndGlobalSection
EndGlobal
